// !$*UTF8*$!
{
	archiveVersion = 1;
	classes = {
	};
	objectVersion = 56;
	objects = {

/* Begin PBXBuildFile section */
		2548443D2C18FF4300EF66CD /* Network in Frameworks */ = {isa = PBXBuildFile; productRef = 2548443C2C18FF4300EF66CD /* Network */; };
		254844442C18FF4300EF66CD /* Profile.framework in Frameworks */ = {isa = PBXBuildFile; fileRef = 254844402C18FF4300EF66CD /* Profile.framework */; };
		254844452C18FF4300EF66CD /* Profile.framework in Embed Frameworks */ = {isa = PBXBuildFile; fileRef = 254844402C18FF4300EF66CD /* Profile.framework */; settings = {ATTRIBUTES = (CodeSignOnCopy, RemoveHeadersOnCopy, ); }; };
		2584FD122C1B9C680029E46B /* User.framework in Frameworks */ = {isa = PBXBuildFile; fileRef = 2584FD112C1B9C680029E46B /* User.framework */; };
		2584FD132C1B9C680029E46B /* User.framework in Embed Frameworks */ = {isa = PBXBuildFile; fileRef = 2584FD112C1B9C680029E46B /* User.framework */; settings = {ATTRIBUTES = (CodeSignOnCopy, RemoveHeadersOnCopy, ); }; };
		2584FD142C1B9C6C0029E46B /* Analytics.xcframework in Frameworks */ = {isa = PBXBuildFile; fileRef = 2591AF0A2C19A2F500383FFC /* Analytics.xcframework */; };
		2584FD152C1B9C6C0029E46B /* Analytics.xcframework in Embed Frameworks */ = {isa = PBXBuildFile; fileRef = 2591AF0A2C19A2F500383FFC /* Analytics.xcframework */; settings = {ATTRIBUTES = (CodeSignOnCopy, RemoveHeadersOnCopy, ); }; };
		2584FD222C1BA0230029E46B /* SwiftUIApp.swift in Sources */ = {isa = PBXBuildFile; fileRef = 2584FD212C1BA0230029E46B /* SwiftUIApp.swift */; };
		2584FD262C1BA0240029E46B /* Assets.xcassets in Resources */ = {isa = PBXBuildFile; fileRef = 2584FD252C1BA0240029E46B /* Assets.xcassets */; };
		2584FD292C1BA0240029E46B /* Preview Assets.xcassets in Resources */ = {isa = PBXBuildFile; fileRef = 2584FD282C1BA0240029E46B /* Preview Assets.xcassets */; };
		25F444D32C18FE5800291C75 /* AppDelegate.swift in Sources */ = {isa = PBXBuildFile; fileRef = 25F444D22C18FE5800291C75 /* AppDelegate.swift */; };
		25F444D72C18FE5800291C75 /* ViewController.swift in Sources */ = {isa = PBXBuildFile; fileRef = 25F444D62C18FE5800291C75 /* ViewController.swift */; };
		25F444DC2C18FE5900291C75 /* Assets.xcassets in Resources */ = {isa = PBXBuildFile; fileRef = 25F444DB2C18FE5900291C75 /* Assets.xcassets */; };
		25F444DF2C18FE5900291C75 /* LaunchScreen.storyboard in Resources */ = {isa = PBXBuildFile; fileRef = 25F444DD2C18FE5900291C75 /* LaunchScreen.storyboard */; };
/* End PBXBuildFile section */

/* Begin PBXCopyFilesBuildPhase section */
		254844462C18FF4300EF66CD /* Embed Frameworks */ = {
			isa = PBXCopyFilesBuildPhase;
			buildActionMask = 2147483647;
			dstPath = "";
			dstSubfolderSpec = 10;
			files = (
				254844452C18FF4300EF66CD /* Profile.framework in Embed Frameworks */,
				2584FD152C1B9C6C0029E46B /* Analytics.xcframework in Embed Frameworks */,
				2584FD132C1B9C680029E46B /* User.framework in Embed Frameworks */,
			);
			name = "Embed Frameworks";
			runOnlyForDeploymentPostprocessing = 0;
		};
/* End PBXCopyFilesBuildPhase section */

/* Begin PBXFileReference section */
		2548443E2C18FF4300EF66CD /* CustomUser.framework */ = {isa = PBXFileReference; explicitFileType = wrapper.framework; path = CustomUser.framework; sourceTree = BUILT_PRODUCTS_DIR; };
		2548443F2C18FF4300EF66CD /* libUser.a */ = {isa = PBXFileReference; explicitFileType = archive.ar; path = libUser.a; sourceTree = BUILT_PRODUCTS_DIR; };
		254844402C18FF4300EF66CD /* Profile.framework */ = {isa = PBXFileReference; explicitFileType = wrapper.framework; path = Profile.framework; sourceTree = BUILT_PRODUCTS_DIR; };
		254844472C1908A500EF66CD /* libUser.a */ = {isa = PBXFileReference; explicitFileType = archive.ar; path = libUser.a; sourceTree = BUILT_PRODUCTS_DIR; };
		2584FD072C1B99680029E46B /* User.framework */ = {isa = PBXFileReference; explicitFileType = wrapper.framework; path = User.framework; sourceTree = BUILT_PRODUCTS_DIR; };
		2584FD112C1B9C680029E46B /* User.framework */ = {isa = PBXFileReference; explicitFileType = wrapper.framework; path = User.framework; sourceTree = BUILT_PRODUCTS_DIR; };
		2584FD1F2C1BA0230029E46B /* SwiftUIApp.app */ = {isa = PBXFileReference; explicitFileType = wrapper.application; includeInIndex = 0; path = SwiftUIApp.app; sourceTree = BUILT_PRODUCTS_DIR; };
		2584FD212C1BA0230029E46B /* SwiftUIApp.swift */ = {isa = PBXFileReference; lastKnownFileType = sourcecode.swift; path = SwiftUIApp.swift; sourceTree = "<group>"; };
		2584FD252C1BA0240029E46B /* Assets.xcassets */ = {isa = PBXFileReference; lastKnownFileType = folder.assetcatalog; path = Assets.xcassets; sourceTree = "<group>"; };
		2584FD282C1BA0240029E46B /* Preview Assets.xcassets */ = {isa = PBXFileReference; lastKnownFileType = folder.assetcatalog; path = "Preview Assets.xcassets"; sourceTree = "<group>"; };
		2591AF0A2C19A2F500383FFC /* Analytics.xcframework */ = {isa = PBXFileReference; lastKnownFileType = wrapper.xcframework; name = Analytics.xcframework; path = ../Libraries/Analytics.xcframework; sourceTree = "<group>"; };
		2591AF182C19A71D00383FFC /* User.framework */ = {isa = PBXFileReference; explicitFileType = wrapper.framework; path = User.framework; sourceTree = BUILT_PRODUCTS_DIR; };
		25F444CF2C18FE5800291C75 /* UIKitApp.app */ = {isa = PBXFileReference; explicitFileType = wrapper.application; includeInIndex = 0; path = UIKitApp.app; sourceTree = BUILT_PRODUCTS_DIR; };
		25F444D22C18FE5800291C75 /* AppDelegate.swift */ = {isa = PBXFileReference; lastKnownFileType = sourcecode.swift; path = AppDelegate.swift; sourceTree = "<group>"; };
		25F444D62C18FE5800291C75 /* ViewController.swift */ = {isa = PBXFileReference; lastKnownFileType = sourcecode.swift; path = ViewController.swift; sourceTree = "<group>"; };
		25F444DB2C18FE5900291C75 /* Assets.xcassets */ = {isa = PBXFileReference; lastKnownFileType = folder.assetcatalog; path = Assets.xcassets; sourceTree = "<group>"; };
		25F444DE2C18FE5900291C75 /* Base */ = {isa = PBXFileReference; lastKnownFileType = file.storyboard; name = Base; path = Base.lproj/LaunchScreen.storyboard; sourceTree = "<group>"; };
		25F444E02C18FE5900291C75 /* Info.plist */ = {isa = PBXFileReference; lastKnownFileType = text.plist.xml; path = Info.plist; sourceTree = "<group>"; };
/* End PBXFileReference section */

/* Begin PBXFrameworksBuildPhase section */
		2584FD1C2C1BA0230029E46B /* Frameworks */ = {
			isa = PBXFrameworksBuildPhase;
			buildActionMask = 2147483647;
			files = (
			);
			runOnlyForDeploymentPostprocessing = 0;
		};
		25F444CC2C18FE5800291C75 /* Frameworks */ = {
			isa = PBXFrameworksBuildPhase;
			buildActionMask = 2147483647;
			files = (
				2584FD142C1B9C6C0029E46B /* Analytics.xcframework in Frameworks */,
				2584FD122C1B9C680029E46B /* User.framework in Frameworks */,
				2548443D2C18FF4300EF66CD /* Network in Frameworks */,
				254844442C18FF4300EF66CD /* Profile.framework in Frameworks */,
			);
			runOnlyForDeploymentPostprocessing = 0;
		};
/* End PBXFrameworksBuildPhase section */

/* Begin PBXGroup section */
		2548443B2C18FF4300EF66CD /* Frameworks */ = {
			isa = PBXGroup;
			children = (
				2584FD112C1B9C680029E46B /* User.framework */,
				2584FD072C1B99680029E46B /* User.framework */,
				2591AF182C19A71D00383FFC /* User.framework */,
				2591AF0A2C19A2F500383FFC /* Analytics.xcframework */,
				254844472C1908A500EF66CD /* libUser.a */,
				2548443E2C18FF4300EF66CD /* CustomUser.framework */,
				2548443F2C18FF4300EF66CD /* libUser.a */,
				254844402C18FF4300EF66CD /* Profile.framework */,
			);
			name = Frameworks;
			sourceTree = "<group>";
		};
		2584FD202C1BA0230029E46B /* SwiftUI */ = {
			isa = PBXGroup;
			children = (
				2584FD212C1BA0230029E46B /* SwiftUIApp.swift */,
				2584FD252C1BA0240029E46B /* Assets.xcassets */,
				2584FD272C1BA0240029E46B /* Preview Content */,
			);
			path = SwiftUI;
			sourceTree = "<group>";
		};
		2584FD272C1BA0240029E46B /* Preview Content */ = {
			isa = PBXGroup;
			children = (
				2584FD282C1BA0240029E46B /* Preview Assets.xcassets */,
			);
			path = "Preview Content";
			sourceTree = "<group>";
		};
		25F444C62C18FE5800291C75 = {
			isa = PBXGroup;
			children = (
				25F444D12C18FE5800291C75 /* UIKit */,
				2584FD202C1BA0230029E46B /* SwiftUI */,
				25F444D02C18FE5800291C75 /* Products */,
				2548443B2C18FF4300EF66CD /* Frameworks */,
			);
			sourceTree = "<group>";
		};
		25F444D02C18FE5800291C75 /* Products */ = {
			isa = PBXGroup;
			children = (
				25F444CF2C18FE5800291C75 /* UIKitApp.app */,
				2584FD1F2C1BA0230029E46B /* SwiftUIApp.app */,
			);
			name = Products;
			sourceTree = "<group>";
		};
		25F444D12C18FE5800291C75 /* UIKit */ = {
			isa = PBXGroup;
			children = (
				25F444D22C18FE5800291C75 /* AppDelegate.swift */,
				25F444D62C18FE5800291C75 /* ViewController.swift */,
				25F444DB2C18FE5900291C75 /* Assets.xcassets */,
				25F444DD2C18FE5900291C75 /* LaunchScreen.storyboard */,
				25F444E02C18FE5900291C75 /* Info.plist */,
			);
			path = UIKit;
			sourceTree = "<group>";
		};
/* End PBXGroup section */

/* Begin PBXNativeTarget section */
		2584FD1E2C1BA0230029E46B /* SwiftUIApp */ = {
			isa = PBXNativeTarget;
			buildConfigurationList = 2584FD2A2C1BA0240029E46B /* Build configuration list for PBXNativeTarget "SwiftUIApp" */;
			buildPhases = (
				2584FD1B2C1BA0230029E46B /* Sources */,
				2584FD1C2C1BA0230029E46B /* Frameworks */,
				2584FD1D2C1BA0230029E46B /* Resources */,
			);
			buildRules = (
			);
			dependencies = (
			);
			name = SwiftUIApp;
			productName = SwiftUIApp;
			productReference = 2584FD1F2C1BA0230029E46B /* SwiftUIApp.app */;
			productType = "com.apple.product-type.application";
		};
		25F444CE2C18FE5800291C75 /* UIKitApp */ = {
			isa = PBXNativeTarget;
			buildConfigurationList = 25F444E32C18FE5900291C75 /* Build configuration list for PBXNativeTarget "UIKitApp" */;
			buildPhases = (
				25F444CB2C18FE5800291C75 /* Sources */,
				25F444CC2C18FE5800291C75 /* Frameworks */,
				25F444CD2C18FE5800291C75 /* Resources */,
				254844462C18FF4300EF66CD /* Embed Frameworks */,
			);
			buildRules = (
			);
			dependencies = (
			);
			name = UIKitApp;
			packageProductDependencies = (
				2548443C2C18FF4300EF66CD /* Network */,
			);
			productName = App;
			productReference = 25F444CF2C18FE5800291C75 /* UIKitApp.app */;
			productType = "com.apple.product-type.application";
		};
/* End PBXNativeTarget section */

/* Begin PBXProject section */
		25F444C72C18FE5800291C75 /* Project object */ = {
			isa = PBXProject;
			attributes = {
				BuildIndependentTargetsInParallel = 1;
				LastSwiftUpdateCheck = 1520;
				LastUpgradeCheck = 1520;
				TargetAttributes = {
					2584FD1E2C1BA0230029E46B = {
						CreatedOnToolsVersion = 15.2;
					};
					25F444CE2C18FE5800291C75 = {
						CreatedOnToolsVersion = 15.2;
					};
				};
			};
			buildConfigurationList = 25F444CA2C18FE5800291C75 /* Build configuration list for PBXProject "Apps" */;
			compatibilityVersion = "Xcode 14.0";
			developmentRegion = en;
			hasScannedForEncodings = 0;
			knownRegions = (
				en,
				Base,
			);
			mainGroup = 25F444C62C18FE5800291C75;
			productRefGroup = 25F444D02C18FE5800291C75 /* Products */;
			projectDirPath = "";
			projectRoot = "";
			targets = (
				25F444CE2C18FE5800291C75 /* UIKitApp */,
				2584FD1E2C1BA0230029E46B /* SwiftUIApp */,
			);
		};
/* End PBXProject section */

/* Begin PBXResourcesBuildPhase section */
		2584FD1D2C1BA0230029E46B /* Resources */ = {
			isa = PBXResourcesBuildPhase;
			buildActionMask = 2147483647;
			files = (
				2584FD292C1BA0240029E46B /* Preview Assets.xcassets in Resources */,
				2584FD262C1BA0240029E46B /* Assets.xcassets in Resources */,
			);
			runOnlyForDeploymentPostprocessing = 0;
		};
		25F444CD2C18FE5800291C75 /* Resources */ = {
			isa = PBXResourcesBuildPhase;
			buildActionMask = 2147483647;
			files = (
				25F444DF2C18FE5900291C75 /* LaunchScreen.storyboard in Resources */,
				25F444DC2C18FE5900291C75 /* Assets.xcassets in Resources */,
			);
			runOnlyForDeploymentPostprocessing = 0;
		};
/* End PBXResourcesBuildPhase section */

/* Begin PBXSourcesBuildPhase section */
		2584FD1B2C1BA0230029E46B /* Sources */ = {
			isa = PBXSourcesBuildPhase;
			buildActionMask = 2147483647;
			files = (
				2584FD222C1BA0230029E46B /* SwiftUIApp.swift in Sources */,
			);
			runOnlyForDeploymentPostprocessing = 0;
		};
		25F444CB2C18FE5800291C75 /* Sources */ = {
			isa = PBXSourcesBuildPhase;
			buildActionMask = 2147483647;
			files = (
				25F444D72C18FE5800291C75 /* ViewController.swift in Sources */,
				25F444D32C18FE5800291C75 /* AppDelegate.swift in Sources */,
			);
			runOnlyForDeploymentPostprocessing = 0;
		};
/* End PBXSourcesBuildPhase section */

/* Begin PBXVariantGroup section */
		25F444DD2C18FE5900291C75 /* LaunchScreen.storyboard */ = {
			isa = PBXVariantGroup;
			children = (
				25F444DE2C18FE5900291C75 /* Base */,
			);
			name = LaunchScreen.storyboard;
			sourceTree = "<group>";
		};
/* End PBXVariantGroup section */

/* Begin XCBuildConfiguration section */
		2584FD2B2C1BA0240029E46B /* Debug */ = {
			isa = XCBuildConfiguration;
			buildSettings = {
				ASSETCATALOG_COMPILER_APPICON_NAME = AppIcon;
				ASSETCATALOG_COMPILER_GLOBAL_ACCENT_COLOR_NAME = AccentColor;
				CODE_SIGN_STYLE = Automatic;
				CURRENT_PROJECT_VERSION = 1;
				DEVELOPMENT_ASSET_PATHS = "\"SwiftUIApp/Preview Content\"";
				DEVELOPMENT_TEAM = 4HR4T4KMX7;
				ENABLE_PREVIEWS = YES;
				GENERATE_INFOPLIST_FILE = YES;
				INFOPLIST_KEY_UIApplicationSceneManifest_Generation = YES;
				INFOPLIST_KEY_UIApplicationSupportsIndirectInputEvents = YES;
				INFOPLIST_KEY_UILaunchScreen_Generation = YES;
				INFOPLIST_KEY_UISupportedInterfaceOrientations_iPad = "UIInterfaceOrientationPortrait UIInterfaceOrientationPortraitUpsideDown UIInterfaceOrientationLandscapeLeft UIInterfaceOrientationLandscapeRight";
				INFOPLIST_KEY_UISupportedInterfaceOrientations_iPhone = "UIInterfaceOrientationPortrait UIInterfaceOrientationLandscapeLeft UIInterfaceOrientationLandscapeRight";
				LD_RUNPATH_SEARCH_PATHS = (
					"$(inherited)",
					"@executable_path/Frameworks",
				);
				MARKETING_VERSION = 1.0;
				PRODUCT_BUNDLE_IDENTIFIER = com.example.SwiftUIApp;
				PRODUCT_NAME = "$(TARGET_NAME)";
				SWIFT_EMIT_LOC_STRINGS = YES;
				SWIFT_VERSION = 5.0;
				TARGETED_DEVICE_FAMILY = "1,2";
			};
			name = Debug;
		};
		2584FD2C2C1BA0240029E46B /* Release */ = {
			isa = XCBuildConfiguration;
			buildSettings = {
				ASSETCATALOG_COMPILER_APPICON_NAME = AppIcon;
				ASSETCATALOG_COMPILER_GLOBAL_ACCENT_COLOR_NAME = AccentColor;
				CODE_SIGN_STYLE = Automatic;
				CURRENT_PROJECT_VERSION = 1;
				DEVELOPMENT_ASSET_PATHS = "\"SwiftUIApp/Preview Content\"";
				DEVELOPMENT_TEAM = 4HR4T4KMX7;
				ENABLE_PREVIEWS = YES;
				GENERATE_INFOPLIST_FILE = YES;
				INFOPLIST_KEY_UIApplicationSceneManifest_Generation = YES;
				INFOPLIST_KEY_UIApplicationSupportsIndirectInputEvents = YES;
				INFOPLIST_KEY_UILaunchScreen_Generation = YES;
				INFOPLIST_KEY_UISupportedInterfaceOrientations_iPad = "UIInterfaceOrientationPortrait UIInterfaceOrientationPortraitUpsideDown UIInterfaceOrientationLandscapeLeft UIInterfaceOrientationLandscapeRight";
				INFOPLIST_KEY_UISupportedInterfaceOrientations_iPhone = "UIInterfaceOrientationPortrait UIInterfaceOrientationLandscapeLeft UIInterfaceOrientationLandscapeRight";
				LD_RUNPATH_SEARCH_PATHS = (
					"$(inherited)",
					"@executable_path/Frameworks",
				);
				MARKETING_VERSION = 1.0;
				PRODUCT_BUNDLE_IDENTIFIER = com.example.SwiftUIApp;
				PRODUCT_NAME = "$(TARGET_NAME)";
				SWIFT_EMIT_LOC_STRINGS = YES;
				SWIFT_VERSION = 5.0;
				TARGETED_DEVICE_FAMILY = "1,2";
			};
			name = Release;
		};
		25F444E12C18FE5900291C75 /* Debug */ = {
			isa = XCBuildConfiguration;
			buildSettings = {
				ALWAYS_SEARCH_USER_PATHS = NO;
				ASSETCATALOG_COMPILER_GENERATE_SWIFT_ASSET_SYMBOL_EXTENSIONS = YES;
				CLANG_ANALYZER_NONNULL = YES;
				CLANG_ANALYZER_NUMBER_OBJECT_CONVERSION = YES_AGGRESSIVE;
				CLANG_CXX_LANGUAGE_STANDARD = "gnu++20";
				CLANG_ENABLE_MODULES = YES;
				CLANG_ENABLE_OBJC_ARC = YES;
				CLANG_ENABLE_OBJC_WEAK = YES;
				CLANG_WARN_BLOCK_CAPTURE_AUTORELEASING = YES;
				CLANG_WARN_BOOL_CONVERSION = YES;
				CLANG_WARN_COMMA = YES;
				CLANG_WARN_CONSTANT_CONVERSION = YES;
				CLANG_WARN_DEPRECATED_OBJC_IMPLEMENTATIONS = YES;
				CLANG_WARN_DIRECT_OBJC_ISA_USAGE = YES_ERROR;
				CLANG_WARN_DOCUMENTATION_COMMENTS = YES;
				CLANG_WARN_EMPTY_BODY = YES;
				CLANG_WARN_ENUM_CONVERSION = YES;
				CLANG_WARN_INFINITE_RECURSION = YES;
				CLANG_WARN_INT_CONVERSION = YES;
				CLANG_WARN_NON_LITERAL_NULL_CONVERSION = YES;
				CLANG_WARN_OBJC_IMPLICIT_RETAIN_SELF = YES;
				CLANG_WARN_OBJC_LITERAL_CONVERSION = YES;
				CLANG_WARN_OBJC_ROOT_CLASS = YES_ERROR;
				CLANG_WARN_QUOTED_INCLUDE_IN_FRAMEWORK_HEADER = YES;
				CLANG_WARN_RANGE_LOOP_ANALYSIS = YES;
				CLANG_WARN_STRICT_PROTOTYPES = YES;
				CLANG_WARN_SUSPICIOUS_MOVE = YES;
				CLANG_WARN_UNGUARDED_AVAILABILITY = YES_AGGRESSIVE;
				CLANG_WARN_UNREACHABLE_CODE = YES;
				CLANG_WARN__DUPLICATE_METHOD_MATCH = YES;
				COPY_PHASE_STRIP = NO;
				DEBUG_INFORMATION_FORMAT = dwarf;
				ENABLE_STRICT_OBJC_MSGSEND = YES;
				ENABLE_TESTABILITY = YES;
				ENABLE_USER_SCRIPT_SANDBOXING = YES;
				GCC_C_LANGUAGE_STANDARD = gnu17;
				GCC_DYNAMIC_NO_PIC = NO;
				GCC_NO_COMMON_BLOCKS = YES;
				GCC_OPTIMIZATION_LEVEL = 0;
				GCC_PREPROCESSOR_DEFINITIONS = (
					"DEBUG=1",
					"$(inherited)",
				);
				GCC_WARN_64_TO_32_BIT_CONVERSION = YES;
				GCC_WARN_ABOUT_RETURN_TYPE = YES_ERROR;
				GCC_WARN_UNDECLARED_SELECTOR = YES;
				GCC_WARN_UNINITIALIZED_AUTOS = YES_AGGRESSIVE;
				GCC_WARN_UNUSED_FUNCTION = YES;
				GCC_WARN_UNUSED_VARIABLE = YES;
				IPHONEOS_DEPLOYMENT_TARGET = 17.2;
				LOCALIZATION_PREFERS_STRING_CATALOGS = YES;
				MTL_ENABLE_DEBUG_INFO = INCLUDE_SOURCE;
				MTL_FAST_MATH = YES;
				ONLY_ACTIVE_ARCH = YES;
				SDKROOT = iphoneos;
				SWIFT_ACTIVE_COMPILATION_CONDITIONS = "DEBUG $(inherited)";
				SWIFT_OPTIMIZATION_LEVEL = "-Onone";
			};
			name = Debug;
		};
		25F444E22C18FE5900291C75 /* Release */ = {
			isa = XCBuildConfiguration;
			buildSettings = {
				ALWAYS_SEARCH_USER_PATHS = NO;
				ASSETCATALOG_COMPILER_GENERATE_SWIFT_ASSET_SYMBOL_EXTENSIONS = YES;
				CLANG_ANALYZER_NONNULL = YES;
				CLANG_ANALYZER_NUMBER_OBJECT_CONVERSION = YES_AGGRESSIVE;
				CLANG_CXX_LANGUAGE_STANDARD = "gnu++20";
				CLANG_ENABLE_MODULES = YES;
				CLANG_ENABLE_OBJC_ARC = YES;
				CLANG_ENABLE_OBJC_WEAK = YES;
				CLANG_WARN_BLOCK_CAPTURE_AUTORELEASING = YES;
				CLANG_WARN_BOOL_CONVERSION = YES;
				CLANG_WARN_COMMA = YES;
				CLANG_WARN_CONSTANT_CONVERSION = YES;
				CLANG_WARN_DEPRECATED_OBJC_IMPLEMENTATIONS = YES;
				CLANG_WARN_DIRECT_OBJC_ISA_USAGE = YES_ERROR;
				CLANG_WARN_DOCUMENTATION_COMMENTS = YES;
				CLANG_WARN_EMPTY_BODY = YES;
				CLANG_WARN_ENUM_CONVERSION = YES;
				CLANG_WARN_INFINITE_RECURSION = YES;
				CLANG_WARN_INT_CONVERSION = YES;
				CLANG_WARN_NON_LITERAL_NULL_CONVERSION = YES;
				CLANG_WARN_OBJC_IMPLICIT_RETAIN_SELF = YES;
				CLANG_WARN_OBJC_LITERAL_CONVERSION = YES;
				CLANG_WARN_OBJC_ROOT_CLASS = YES_ERROR;
				CLANG_WARN_QUOTED_INCLUDE_IN_FRAMEWORK_HEADER = YES;
				CLANG_WARN_RANGE_LOOP_ANALYSIS = YES;
				CLANG_WARN_STRICT_PROTOTYPES = YES;
				CLANG_WARN_SUSPICIOUS_MOVE = YES;
				CLANG_WARN_UNGUARDED_AVAILABILITY = YES_AGGRESSIVE;
				CLANG_WARN_UNREACHABLE_CODE = YES;
				CLANG_WARN__DUPLICATE_METHOD_MATCH = YES;
				COPY_PHASE_STRIP = NO;
				DEBUG_INFORMATION_FORMAT = "dwarf-with-dsym";
				ENABLE_NS_ASSERTIONS = NO;
				ENABLE_STRICT_OBJC_MSGSEND = YES;
				ENABLE_USER_SCRIPT_SANDBOXING = YES;
				GCC_C_LANGUAGE_STANDARD = gnu17;
				GCC_NO_COMMON_BLOCKS = YES;
				GCC_WARN_64_TO_32_BIT_CONVERSION = YES;
				GCC_WARN_ABOUT_RETURN_TYPE = YES_ERROR;
				GCC_WARN_UNDECLARED_SELECTOR = YES;
				GCC_WARN_UNINITIALIZED_AUTOS = YES_AGGRESSIVE;
				GCC_WARN_UNUSED_FUNCTION = YES;
				GCC_WARN_UNUSED_VARIABLE = YES;
				IPHONEOS_DEPLOYMENT_TARGET = 17.2;
				LOCALIZATION_PREFERS_STRING_CATALOGS = YES;
				MTL_ENABLE_DEBUG_INFO = NO;
				MTL_FAST_MATH = YES;
				SDKROOT = iphoneos;
				SWIFT_COMPILATION_MODE = wholemodule;
				VALIDATE_PRODUCT = YES;
			};
			name = Release;
		};
		25F444E42C18FE5900291C75 /* Debug */ = {
			isa = XCBuildConfiguration;
			buildSettings = {
				ASSETCATALOG_COMPILER_APPICON_NAME = AppIcon;
				ASSETCATALOG_COMPILER_GLOBAL_ACCENT_COLOR_NAME = AccentColor;
				CODE_SIGN_STYLE = Automatic;
				CURRENT_PROJECT_VERSION = 1;
				DEAD_CODE_STRIPPING = NO;
				DEVELOPMENT_TEAM = 4HR4T4KMX7;
				GENERATE_INFOPLIST_FILE = YES;
				INFOPLIST_FILE = UIKit/Info.plist;
				INFOPLIST_KEY_UIApplicationSupportsIndirectInputEvents = YES;
				INFOPLIST_KEY_UILaunchStoryboardName = LaunchScreen;
				INFOPLIST_KEY_UISupportedInterfaceOrientations_iPad = "UIInterfaceOrientationPortrait UIInterfaceOrientationPortraitUpsideDown UIInterfaceOrientationLandscapeLeft UIInterfaceOrientationLandscapeRight";
				INFOPLIST_KEY_UISupportedInterfaceOrientations_iPhone = "UIInterfaceOrientationPortrait UIInterfaceOrientationLandscapeLeft UIInterfaceOrientationLandscapeRight";
				LD_RUNPATH_SEARCH_PATHS = (
					"$(inherited)",
					"@executable_path/Frameworks",
				);
				MARKETING_VERSION = 1.0;
				PRODUCT_BUNDLE_IDENTIFIER = com.example.UIKitApp;
				PRODUCT_NAME = "$(TARGET_NAME)";
				SUPPORTED_PLATFORMS = "iphoneos iphonesimulator";
				SUPPORTS_MACCATALYST = NO;
				SUPPORTS_MAC_DESIGNED_FOR_IPHONE_IPAD = NO;
				SUPPORTS_XR_DESIGNED_FOR_IPHONE_IPAD = NO;
				SWIFT_EMIT_LOC_STRINGS = YES;
				SWIFT_VERSION = 5.0;
				TARGETED_DEVICE_FAMILY = 1;
			};
			name = Debug;
		};
		25F444E52C18FE5900291C75 /* Release */ = {
			isa = XCBuildConfiguration;
			buildSettings = {
				ASSETCATALOG_COMPILER_APPICON_NAME = AppIcon;
				ASSETCATALOG_COMPILER_GLOBAL_ACCENT_COLOR_NAME = AccentColor;
				CODE_SIGN_STYLE = Automatic;
				CURRENT_PROJECT_VERSION = 1;
				DEAD_CODE_STRIPPING = NO;
				DEVELOPMENT_TEAM = 4HR4T4KMX7;
				GENERATE_INFOPLIST_FILE = YES;
				INFOPLIST_FILE = UIKit/Info.plist;
				INFOPLIST_KEY_UIApplicationSupportsIndirectInputEvents = YES;
				INFOPLIST_KEY_UILaunchStoryboardName = LaunchScreen;
				INFOPLIST_KEY_UISupportedInterfaceOrientations_iPad = "UIInterfaceOrientationPortrait UIInterfaceOrientationPortraitUpsideDown UIInterfaceOrientationLandscapeLeft UIInterfaceOrientationLandscapeRight";
				INFOPLIST_KEY_UISupportedInterfaceOrientations_iPhone = "UIInterfaceOrientationPortrait UIInterfaceOrientationLandscapeLeft UIInterfaceOrientationLandscapeRight";
				LD_RUNPATH_SEARCH_PATHS = (
					"$(inherited)",
					"@executable_path/Frameworks",
				);
				MARKETING_VERSION = 1.0;
				PRODUCT_BUNDLE_IDENTIFIER = com.example.UIKitApp;
				PRODUCT_NAME = "$(TARGET_NAME)";
				SUPPORTED_PLATFORMS = "iphoneos iphonesimulator";
				SUPPORTS_MACCATALYST = NO;
				SUPPORTS_MAC_DESIGNED_FOR_IPHONE_IPAD = NO;
				SUPPORTS_XR_DESIGNED_FOR_IPHONE_IPAD = NO;
				SWIFT_EMIT_LOC_STRINGS = YES;
				SWIFT_VERSION = 5.0;
				TARGETED_DEVICE_FAMILY = 1;
			};
			name = Release;
		};
/* End XCBuildConfiguration section */

/* Begin XCConfigurationList section */
		2584FD2A2C1BA0240029E46B /* Build configuration list for PBXNativeTarget "SwiftUIApp" */ = {
			isa = XCConfigurationList;
			buildConfigurations = (
				2584FD2B2C1BA0240029E46B /* Debug */,
				2584FD2C2C1BA0240029E46B /* Release */,
			);
			defaultConfigurationIsVisible = 0;
			defaultConfigurationName = Release;
		};
		25F444CA2C18FE5800291C75 /* Build configuration list for PBXProject "Apps" */ = {
			isa = XCConfigurationList;
			buildConfigurations = (
				25F444E12C18FE5900291C75 /* Debug */,
				25F444E22C18FE5900291C75 /* Release */,
			);
			defaultConfigurationIsVisible = 0;
			defaultConfigurationName = Release;
		};
		25F444E32C18FE5900291C75 /* Build configuration list for PBXNativeTarget "UIKitApp" */ = {
			isa = XCConfigurationList;
			buildConfigurations = (
				25F444E42C18FE5900291C75 /* Debug */,
				25F444E52C18FE5900291C75 /* Release */,
			);
			defaultConfigurationIsVisible = 0;
			defaultConfigurationName = Release;
		};
/* End XCConfigurationList section */

/* Begin XCSwiftPackageProductDependency section */
		2548443C2C18FF4300EF66CD /* Network */ = {
			isa = XCSwiftPackageProductDependency;
			productName = Network;
		};
/* End XCSwiftPackageProductDependency section */
	};
	rootObject = 25F444C72C18FE5800291C75 /* Project object */;
}
